
Microsoft Visual Studio Solution File, Format Version 12.00
# Visual Studio 15
VisualStudioVersion = 15.0.27703.2026
MinimumVisualStudioVersion = 10.0.40219.1
Project("{FAE04EC0-301F-11D3-BF4B-00C04F79EFBC}") = "Host", "Host\Host.csproj", "{751BE06F-22BA-4EB5-9AEA-62BCEEE6AE67}"
EndProject
Project("{FAE04EC0-301F-11D3-BF4B-00C04F79EFBC}") = "Server", "Server\Server.csproj", "{B90551A5-3E00-4151-B475-2B1AF81CCC77}"
EndProject
Project("{FAE04EC0-301F-11D3-BF4B-00C04F79EFBC}") = "Client", "Client\Client.csproj", "{FE43BF76-8E90-438A-932E-74DE9B04103B}"
EndProject
Project("{FAE04EC0-301F-11D3-BF4B-00C04F79EFBC}") = "Common", "Common\Common.csproj", "{EF248FFD-9BB3-4F03-999C-2A2C684E5BB2}"
EndProject
Project("{FAE04EC0-301F-11D3-BF4B-00C04F79EFBC}") = "BLServer", "BLServer\BLServer.csproj", "{0ED384BA-FDA4-4D76-98FA-3C95E9B94831}"
EndProject
Project("{FAE04EC0-301F-11D3-BF4B-00C04F79EFBC}") = "DAL", "DAL\DAL.csproj", "{CFDEEDC0-F54D-4C69-BAD1-3AFB13F64482}"
EndProject
Global
	GlobalSection(SolutionConfigurationPlatforms) = preSolution
		Debug|Any CPU = Debug|Any CPU
		Debug|ARM = Debug|ARM
		Debug|x64 = Debug|x64
		Debug|x86 = Debug|x86
		Release|Any CPU = Release|Any CPU
		Release|ARM = Release|ARM
		Release|x64 = Release|x64
		Release|x86 = Release|x86
	EndGlobalSection
	GlobalSection(ProjectConfigurationPlatforms) = postSolution
		{751BE06F-22BA-4EB5-9AEA-62BCEEE6AE67}.Debug|Any CPU.ActiveCfg = Debug|Any CPU
		{751BE06F-22BA-4EB5-9AEA-62BCEEE6AE67}.Debug|Any CPU.Build.0 = Debug|Any CPU
		{751BE06F-22BA-4EB5-9AEA-62BCEEE6AE67}.Debug|ARM.ActiveCfg = Debug|Any CPU
		{751BE06F-22BA-4EB5-9AEA-62BCEEE6AE67}.Debug|ARM.Build.0 = Debug|Any CPU
		{751BE06F-22BA-4EB5-9AEA-62BCEEE6AE67}.Debug|x64.ActiveCfg = Debug|Any CPU
		{751BE06F-22BA-4EB5-9AEA-62BCEEE6AE67}.Debug|x64.Build.0 = Debug|Any CPU
		{751BE06F-22BA-4EB5-9AEA-62BCEEE6AE67}.Debug|x86.ActiveCfg = Debug|Any CPU
		{751BE06F-22BA-4EB5-9AEA-62BCEEE6AE67}.Debug|x86.Build.0 = Debug|Any CPU
		{751BE06F-22BA-4EB5-9AEA-62BCEEE6AE67}.Release|Any CPU.ActiveCfg = Release|Any CPU
		{751BE06F-22BA-4EB5-9AEA-62BCEEE6AE67}.Release|Any CPU.Build.0 = Release|Any CPU
		{751BE06F-22BA-4EB5-9AEA-62BCEEE6AE67}.Release|ARM.ActiveCfg = Release|Any CPU
		{751BE06F-22BA-4EB5-9AEA-62BCEEE6AE67}.Release|ARM.Build.0 = Release|Any CPU
		{751BE06F-22BA-4EB5-9AEA-62BCEEE6AE67}.Release|x64.ActiveCfg = Release|Any CPU
		{751BE06F-22BA-4EB5-9AEA-62BCEEE6AE67}.Release|x64.Build.0 = Release|Any CPU
		{751BE06F-22BA-4EB5-9AEA-62BCEEE6AE67}.Release|x86.ActiveCfg = Release|Any CPU
		{751BE06F-22BA-4EB5-9AEA-62BCEEE6AE67}.Release|x86.Build.0 = Release|Any CPU
		{B90551A5-3E00-4151-B475-2B1AF81CCC77}.Debug|Any CPU.ActiveCfg = Debug|Any CPU
		{B90551A5-3E00-4151-B475-2B1AF81CCC77}.Debug|Any CPU.Build.0 = Debug|Any CPU
		{B90551A5-3E00-4151-B475-2B1AF81CCC77}.Debug|ARM.ActiveCfg = Debug|Any CPU
		{B90551A5-3E00-4151-B475-2B1AF81CCC77}.Debug|ARM.Build.0 = Debug|Any CPU
		{B90551A5-3E00-4151-B475-2B1AF81CCC77}.Debug|x64.ActiveCfg = Debug|Any CPU
		{B90551A5-3E00-4151-B475-2B1AF81CCC77}.Debug|x64.Build.0 = Debug|Any CPU
		{B90551A5-3E00-4151-B475-2B1AF81CCC77}.Debug|x86.ActiveCfg = Debug|Any CPU
		{B90551A5-3E00-4151-B475-2B1AF81CCC77}.Debug|x86.Build.0 = Debug|Any CPU
		{B90551A5-3E00-4151-B475-2B1AF81CCC77}.Release|Any CPU.ActiveCfg = Release|Any CPU
		{B90551A5-3E00-4151-B475-2B1AF81CCC77}.Release|Any CPU.Build.0 = Release|Any CPU
		{B90551A5-3E00-4151-B475-2B1AF81CCC77}.Release|ARM.ActiveCfg = Release|Any CPU
		{B90551A5-3E00-4151-B475-2B1AF81CCC77}.Release|ARM.Build.0 = Release|Any CPU
		{B90551A5-3E00-4151-B475-2B1AF81CCC77}.Release|x64.ActiveCfg = Release|Any CPU
		{B90551A5-3E00-4151-B475-2B1AF81CCC77}.Release|x64.Build.0 = Release|Any CPU
		{B90551A5-3E00-4151-B475-2B1AF81CCC77}.Release|x86.ActiveCfg = Release|Any CPU
		{B90551A5-3E00-4151-B475-2B1AF81CCC77}.Release|x86.Build.0 = Release|Any CPU
		{FE43BF76-8E90-438A-932E-74DE9B04103B}.Debug|Any CPU.ActiveCfg = Debug|Any CPU
		{FE43BF76-8E90-438A-932E-74DE9B04103B}.Debug|Any CPU.Build.0 = Debug|Any CPU
		{FE43BF76-8E90-438A-932E-74DE9B04103B}.Debug|ARM.ActiveCfg = Debug|Any CPU
		{FE43BF76-8E90-438A-932E-74DE9B04103B}.Debug|ARM.Build.0 = Debug|Any CPU
		{FE43BF76-8E90-438A-932E-74DE9B04103B}.Debug|x64.ActiveCfg = Debug|Any CPU
		{FE43BF76-8E90-438A-932E-74DE9B04103B}.Debug|x64.Build.0 = Debug|Any CPU
		{FE43BF76-8E90-438A-932E-74DE9B04103B}.Debug|x86.ActiveCfg = Debug|Any CPU
		{FE43BF76-8E90-438A-932E-74DE9B04103B}.Debug|x86.Build.0 = Debug|Any CPU
		{FE43BF76-8E90-438A-932E-74DE9B04103B}.Release|Any CPU.ActiveCfg = Release|Any CPU
		{FE43BF76-8E90-438A-932E-74DE9B04103B}.Release|Any CPU.Build.0 = Release|Any CPU
		{FE43BF76-8E90-438A-932E-74DE9B04103B}.Release|ARM.ActiveCfg = Release|Any CPU
		{FE43BF76-8E90-438A-932E-74DE9B04103B}.Release|ARM.Build.0 = Release|Any CPU
		{FE43BF76-8E90-438A-932E-74DE9B04103B}.Release|x64.ActiveCfg = Release|Any CPU
		{FE43BF76-8E90-438A-932E-74DE9B04103B}.Release|x64.Build.0 = Release|Any CPU
		{FE43BF76-8E90-438A-932E-74DE9B04103B}.Release|x86.ActiveCfg = Release|Any CPU
		{FE43BF76-8E90-438A-932E-74DE9B04103B}.Release|x86.Build.0 = Release|Any CPU
		{EF248FFD-9BB3-4F03-999C-2A2C684E5BB2}.Debug|Any CPU.ActiveCfg = Debug|Any CPU
		{EF248FFD-9BB3-4F03-999C-2A2C684E5BB2}.Debug|Any CPU.Build.0 = Debug|Any CPU
		{EF248FFD-9BB3-4F03-999C-2A2C684E5BB2}.Debug|ARM.ActiveCfg = Debug|Any CPU
		{EF248FFD-9BB3-4F03-999C-2A2C684E5BB2}.Debug|ARM.Build.0 = Debug|Any CPU
		{EF248FFD-9BB3-4F03-999C-2A2C684E5BB2}.Debug|x64.ActiveCfg = Debug|Any CPU
		{EF248FFD-9BB3-4F03-999C-2A2C684E5BB2}.Debug|x64.Build.0 = Debug|Any CPU
		{EF248FFD-9BB3-4F03-999C-2A2C684E5BB2}.Debug|x86.ActiveCfg = Debug|Any CPU
		{EF248FFD-9BB3-4F03-999C-2A2C684E5BB2}.Debug|x86.Build.0 = Debug|Any CPU
		{EF248FFD-9BB3-4F03-999C-2A2C684E5BB2}.Release|Any CPU.ActiveCfg = Release|Any CPU
		{EF248FFD-9BB3-4F03-999C-2A2C684E5BB2}.Release|Any CPU.Build.0 = Release|Any CPU
		{EF248FFD-9BB3-4F03-999C-2A2C684E5BB2}.Release|ARM.ActiveCfg = Release|Any CPU
		{EF248FFD-9BB3-4F03-999C-2A2C684E5BB2}.Release|ARM.Build.0 = Release|Any CPU
		{EF248FFD-9BB3-4F03-999C-2A2C684E5BB2}.Release|x64.ActiveCfg = Release|Any CPU
		{EF248FFD-9BB3-4F03-999C-2A2C684E5BB2}.Release|x64.Build.0 = Release|Any CPU
		{EF248FFD-9BB3-4F03-999C-2A2C684E5BB2}.Release|x86.ActiveCfg = Release|Any CPU
		{EF248FFD-9BB3-4F03-999C-2A2C684E5BB2}.Release|x86.Build.0 = Release|Any CPU
		{0ED384BA-FDA4-4D76-98FA-3C95E9B94831}.Debug|Any CPU.ActiveCfg = Debug|Any CPU
		{0ED384BA-FDA4-4D76-98FA-3C95E9B94831}.Debug|Any CPU.Build.0 = Debug|Any CPU
		{0ED384BA-FDA4-4D76-98FA-3C95E9B94831}.Debug|ARM.ActiveCfg = Debug|Any CPU
		{0ED384BA-FDA4-4D76-98FA-3C95E9B94831}.Debug|ARM.Build.0 = Debug|Any CPU
		{0ED384BA-FDA4-4D76-98FA-3C95E9B94831}.Debug|x64.ActiveCfg = Debug|Any CPU
		{0ED384BA-FDA4-4D76-98FA-3C95E9B94831}.Debug|x64.Build.0 = Debug|Any CPU
		{0ED384BA-FDA4-4D76-98FA-3C95E9B94831}.Debug|x86.ActiveCfg = Debug|Any CPU
		{0ED384BA-FDA4-4D76-98FA-3C95E9B94831}.Debug|x86.Build.0 = Debug|Any CPU
		{0ED384BA-FDA4-4D76-98FA-3C95E9B94831}.Release|Any CPU.ActiveCfg = Release|Any CPU
		{0ED384BA-FDA4-4D76-98FA-3C95E9B94831}.Release|Any CPU.Build.0 = Release|Any CPU
		{0ED384BA-FDA4-4D76-98FA-3C95E9B94831}.Release|ARM.ActiveCfg = Release|Any CPU
		{0ED384BA-FDA4-4D76-98FA-3C95E9B94831}.Release|ARM.Build.0 = Release|Any CPU
		{0ED384BA-FDA4-4D76-98FA-3C95E9B94831}.Release|x64.ActiveCfg = Release|Any CPU
		{0ED384BA-FDA4-4D76-98FA-3C95E9B94831}.Release|x64.Build.0 = Release|Any CPU
		{0ED384BA-FDA4-4D76-98FA-3C95E9B94831}.Release|x86.ActiveCfg = Release|Any CPU
		{0ED384BA-FDA4-4D76-98FA-3C95E9B94831}.Release|x86.Build.0 = Release|Any CPU
		{CFDEEDC0-F54D-4C69-BAD1-3AFB13F64482}.Debug|Any CPU.ActiveCfg = Debug|Any CPU
		{CFDEEDC0-F54D-4C69-BAD1-3AFB13F64482}.Debug|Any CPU.Build.0 = Debug|Any CPU
		{CFDEEDC0-F54D-4C69-BAD1-3AFB13F64482}.Debug|ARM.ActiveCfg = Debug|Any CPU
		{CFDEEDC0-F54D-4C69-BAD1-3AFB13F64482}.Debug|ARM.Build.0 = Debug|Any CPU
		{CFDEEDC0-F54D-4C69-BAD1-3AFB13F64482}.Debug|x64.ActiveCfg = Debug|Any CPU
		{CFDEEDC0-F54D-4C69-BAD1-3AFB13F64482}.Debug|x64.Build.0 = Debug|Any CPU
		{CFDEEDC0-F54D-4C69-BAD1-3AFB13F64482}.Debug|x86.ActiveCfg = Debug|Any CPU
		{CFDEEDC0-F54D-4C69-BAD1-3AFB13F64482}.Debug|x86.Build.0 = Debug|Any CPU
		{CFDEEDC0-F54D-4C69-BAD1-3AFB13F64482}.Release|Any CPU.ActiveCfg = Release|Any CPU
		{CFDEEDC0-F54D-4C69-BAD1-3AFB13F64482}.Release|Any CPU.Build.0 = Release|Any CPU
		{CFDEEDC0-F54D-4C69-BAD1-3AFB13F64482}.Release|ARM.ActiveCfg = Release|Any CPU
		{CFDEEDC0-F54D-4C69-BAD1-3AFB13F64482}.Release|ARM.Build.0 = Release|Any CPU
		{CFDEEDC0-F54D-4C69-BAD1-3AFB13F64482}.Release|x64.ActiveCfg = Release|Any CPU
		{CFDEEDC0-F54D-4C69-BAD1-3AFB13F64482}.Release|x64.Build.0 = Release|Any CPU
		{CFDEEDC0-F54D-4C69-BAD1-3AFB13F64482}.Release|x86.ActiveCfg = Release|Any CPU
		{CFDEEDC0-F54D-4C69-BAD1-3AFB13F64482}.Release|x86.Build.0 = Release|Any CPU
	EndGlobalSection
	GlobalSection(SolutionProperties) = preSolution
		HideSolutionNode = FALSE
	EndGlobalSection
	GlobalSection(ExtensibilityGlobals) = postSolution
		SolutionGuid = {54C4330A-CFA3-4A5A-BCC7-240B75A2E46D}
	EndGlobalSection
EndGlobal
